
Microsoft Visual Studio Solution File, Format Version 12.00
# Visual Studio Version 17
VisualStudioVersion = 17.9.34607.119
MinimumVisualStudioVersion = 10.0.40219.1
Project("{9A19103F-16F7-4668-BE54-9A1E7A4F7556}") = "BleBoxNetSdk", "BleBoxNetSdk\BleBoxNetSdk.csproj", "{EE09EC89-906A-41EB-8538-5C5A64036F88}"
EndProject
Project("{FAE04EC0-301F-11D3-BF4B-00C04F79EFBC}") = "BleBoxNetSdk.Tests", "BleBoxNetSdk.Tests\BleBoxNetSdk.Tests.csproj", "{DC8A6BD6-7788-4CFD-942A-144F497D0E15}"
EndProject
Global
	GlobalSection(SolutionConfigurationPlatforms) = preSolution
		Debug|Any CPU = Debug|Any CPU
		Release|Any CPU = Release|Any CPU
	EndGlobalSection
	GlobalSection(ProjectConfigurationPlatforms) = postSolution
		{EE09EC89-906A-41EB-8538-5C5A64036F88}.Debug|Any CPU.ActiveCfg = Debug|Any CPU
		{EE09EC89-906A-41EB-8538-5C5A64036F88}.Debug|Any CPU.Build.0 = Debug|Any CPU
		{EE09EC89-906A-41EB-8538-5C5A64036F88}.Release|Any CPU.ActiveCfg = Release|Any CPU
		{EE09EC89-906A-41EB-8538-5C5A64036F88}.Release|Any CPU.Build.0 = Release|Any CPU
		{DC8A6BD6-7788-4CFD-942A-144F497D0E15}.Debug|Any CPU.ActiveCfg = Debug|Any CPU
		{DC8A6BD6-7788-4CFD-942A-144F497D0E15}.Debug|Any CPU.Build.0 = Debug|Any CPU
		{DC8A6BD6-7788-4CFD-942A-144F497D0E15}.Release|Any CPU.ActiveCfg = Release|Any CPU
		{DC8A6BD6-7788-4CFD-942A-144F497D0E15}.Release|Any CPU.Build.0 = Release|Any CPU
	EndGlobalSection
	GlobalSection(SolutionProperties) = preSolution
		HideSolutionNode = FALSE
	EndGlobalSection
	GlobalSection(ExtensibilityGlobals) = postSolution
		SolutionGuid = {A145D61A-6E20-462B-A5E0-9727F15A188C}
	EndGlobalSection
EndGlobal
